{
  "name": "cw.sap.react.admin",
  "version": "0.1.0",
  "lockfileVersion": 1,
  "requires": true,
  "dependencies": {
    "hoist-non-react-statics": {
      "version": "2.5.5",
      "resolved": "http://registry.npm.taobao.org/hoist-non-react-statics/download/hoist-non-react-statics-2.5.5.tgz",
      "integrity": "sha1-xZA89AnA39kI84jmGdhrnBF0y0c="
    },
    "mobx-react": {
      "version": "5.2.8",
      "resolved": "http://registry.npm.taobao.org/mobx-react/download/mobx-react-5.2.8.tgz",
      "integrity": "sha1-BZx/KSVNfNNuED15ETEDtANI078=",
      "requires": {
        "hoist-non-react-statics": "2.5.5",
        "react-lifecycles-compat": "3.0.4"
      }
    },
    "react-lifecycles-compat": {
      "version": "3.0.4",
      "resolved": "http://registry.npm.taobao.org/react-lifecycles-compat/download/react-lifecycles-compat-3.0.4.tgz",
      "integrity": "sha1-TxonOv38jzSIqMUWv9p4+HI1I2I="
    }
  }
}
